<?xml version="1.0" encoding="utf-8"?>
<Project ToolsVersion="4.0" xmlns="http://schemas.microsoft.com/developer/msbuild/2003">
  <ItemGroup>
    <Filter Include="res">
      <UniqueIdentifier>{f80930ec-0806-42d1-bb91-f42682123cde}</UniqueIdentifier>
    </Filter>
    <Filter Include="src">
      <UniqueIdentifier>{763569e9-5fa5-460a-8924-d64fe689f9bb}</UniqueIdentifier>
    </Filter>
    <Filter Include="src\ogreapp">
      <UniqueIdentifier>{8bf7c8c2-89f2-49af-9f37-e81b5a4ea0bf}</UniqueIdentifier>
    </Filter>
    <Filter Include="src\ogremax">
      <UniqueIdentifier>{a5ac59b8-1aff-420e-975e-2933e86aa35d}</UniqueIdentifier>
    </Filter>
    <Filter Include="src\tinyxml">
      <UniqueIdentifier>{b88c0a48-c97a-4d85-8bd9-71ea8143e288}</UniqueIdentifier>
    </Filter>
  </ItemGroup>
  <ItemGroup>
    <ClCompile Include="..\..\src\Main.cpp">
      <Filter>src</Filter>
    </ClCompile>
    <ClCompile Include="..\..\src\ogreapp\EasyDefines.cpp">
      <Filter>src\ogreapp</Filter>
    </ClCompile>
    <ClCompile Include="..\..\src\ogreapp\SimpleOgreInit.cpp">
      <Filter>src\ogreapp</Filter>
    </ClCompile>
    <ClCompile Include="..\..\src\ogreapp\OgreConfigDialog.cpp">
      <Filter>src\ogreapp</Filter>
    </ClCompile>
    <ClCompile Include="..\..\ext\ogremax\OgreMaxViewers\Common\Code\tinyxml\tinyxml.cpp">
      <Filter>src\tinyxml</Filter>
    </ClCompile>
    <ClCompile Include="..\..\ext\ogremax\OgreMaxViewers\Common\Code\tinyxml\tinyxmlerror.cpp">
      <Filter>src\tinyxml</Filter>
    </ClCompile>
    <ClCompile Include="..\..\ext\ogremax\OgreMaxViewers\Common\Code\tinyxml\tinyxmlparser.cpp">
      <Filter>src\tinyxml</Filter>
    </ClCompile>
    <ClCompile Include="..\..\ext\ogremax\OgreMaxViewers\Common\Code\OgreMaxModel.cpp">
      <Filter>src\ogremax</Filter>
    </ClCompile>
    <ClCompile Include="..\..\ext\ogremax\OgreMaxViewers\Common\Code\OgreMaxScene.cpp">
      <Filter>src\ogremax</Filter>
    </ClCompile>
    <ClCompile Include="..\..\ext\ogremax\OgreMaxViewers\Common\Code\OgreMaxUtilities.cpp">
      <Filter>src\ogremax</Filter>
    </ClCompile>
    <ClCompile Include="..\..\ext\ogremax\OgreMaxViewers\Common\Code\ProgressCalculator.cpp">
      <Filter>src\ogremax</Filter>
    </ClCompile>
    <ClCompile Include="..\..\ext\ogremax\OgreMaxViewers\Common\Code\Version.cpp">
      <Filter>src\ogremax</Filter>
    </ClCompile>
  </ItemGroup>
  <ItemGroup>
    <ClInclude Include="..\..\src\Base.h">
      <Filter>src</Filter>
    </ClInclude>
    <ClInclude Include="..\..\src\Config.h">
      <Filter>src</Filter>
    </ClInclude>
    <ClInclude Include="resource.h">
      <Filter>res</Filter>
    </ClInclude>
    <ClInclude Include="..\..\src\ogreapp\EasyDefines.h">
      <Filter>src\ogreapp</Filter>
    </ClInclude>
    <ClInclude Include="..\..\src\ogreapp\SimpleOgreInit.h">
      <Filter>src\ogreapp</Filter>
    </ClInclude>
    <ClInclude Include="..\..\src\ogreapp\CImg.h">
      <Filter>src\ogreapp</Filter>
    </ClInclude>
    <ClInclude Include="..\..\src\ogreapp\OgreConfigDialogImp.h">
      <Filter>src\ogreapp</Filter>
    </ClInclude>
    <ClInclude Include="..\..\ext\ogremax\OgreMaxViewers\Common\Code\tinyxml\tinyxml.h">
      <Filter>src\tinyxml</Filter>
    </ClInclude>
    <ClInclude Include="..\..\ext\ogremax\OgreMaxViewers\Common\Code\OgreMaxModel.hpp">
      <Filter>src\ogremax</Filter>
    </ClInclude>
    <ClInclude Include="..\..\ext\ogremax\OgreMaxViewers\Common\Code\OgreMaxPlatform.hpp">
      <Filter>src\ogremax</Filter>
    </ClInclude>
    <ClInclude Include="..\..\ext\ogremax\OgreMaxViewers\Common\Code\OgreMaxRenderWindowIterator.hpp">
      <Filter>src\ogremax</Filter>
    </ClInclude>
    <ClInclude Include="..\..\ext\ogremax\OgreMaxViewers\Common\Code\OgreMaxScene.hpp">
      <Filter>src\ogremax</Filter>
    </ClInclude>
    <ClInclude Include="..\..\ext\ogremax\OgreMaxViewers\Common\Code\OgreMaxTypes.hpp">
      <Filter>src\ogremax</Filter>
    </ClInclude>
    <ClInclude Include="..\..\ext\ogremax\OgreMaxViewers\Common\Code\OgreMaxUtilities.hpp">
      <Filter>src\ogremax</Filter>
    </ClInclude>
    <ClInclude Include="..\..\ext\ogremax\OgreMaxViewers\Common\Code\ProgressCalculator.hpp">
      <Filter>src\ogremax</Filter>
    </ClInclude>
    <ClInclude Include="..\..\ext\ogremax\OgreMaxViewers\Common\Code\Version.hpp">
      <Filter>src\ogremax</Filter>
    </ClInclude>
  </ItemGroup>
  <ItemGroup>
    <ResourceCompile Include="NightCityBlues.rc">
      <Filter>res</Filter>
    </ResourceCompile>
  </ItemGroup>
  <ItemGroup>
    <None Include="..\..\out\nc.png">
      <Filter>res</Filter>
    </None>
    <None Include="..\..\out\airplane.png">
      <Filter>res</Filter>
    </None>
    <None Include="..\..\out\blues.mp3">
      <Filter>res</Filter>
    </None>
    <None Include="..\..\out\airplane-lights-green.png">
      <Filter>res</Filter>
    </None>
    <None Include="..\..\out\nc-lights1.png">
      <Filter>res</Filter>
    </None>
    <None Include="..\..\out\airplane-lights-red.png">
      <Filter>res</Filter>
    </None>
    <None Include="..\..\out\airplane-lights-white.png">
      <Filter>res</Filter>
    </None>
    <None Include="..\..\out\np.png">
      <Filter>res</Filter>
    </None>
    <None Include="..\..\..\night.city.blues\out\nc.png" />
    <None Include="..\..\..\night.city.blues\out\airplane.png" />
    <None Include="..\..\..\night.city.blues\out\blues.mp3" />
    <None Include="..\..\..\night.city.blues\out\nc-lights1.png" />
    <None Include="..\..\..\night.city.blues\out\airplane-lights-red.png" />
    <None Include="..\..\..\night.city.blues\out\airplane-lights-green.png" />
    <None Include="..\..\..\night.city.blues\out\airplane-lights-white.png" />
    <None Include="..\..\..\night.city.blues\out\np.png" />
  </ItemGroup>
</Project>